
Microsoft Visual Studio Solution File, Format Version 12.00
# Visual Studio Version 16
VisualStudioVersion = 16.0.29728.190
MinimumVisualStudioVersion = 10.0.40219.1
Project("{FAE04EC0-301F-11D3-BF4B-00C04F79EFBC}") = "example_mvc", "example_mvc.csproj", "{FDB15C02-0485-48BC-AF2C-14B00683DA44}"
EndProject
Global
	GlobalSection(SolutionConfigurationPlatforms) = preSolution
		Debug|Any CPU = Debug|Any CPU
		Release|Any CPU = Release|Any CPU
	EndGlobalSection
	GlobalSection(ProjectConfigurationPlatforms) = postSolution
		{FDB15C02-0485-48BC-AF2C-14B00683DA44}.Debug|Any CPU.ActiveCfg = Debug|Any CPU
		{FDB15C02-0485-48BC-AF2C-14B00683DA44}.Debug|Any CPU.Build.0 = Debug|Any CPU
		{FDB15C02-0485-48BC-AF2C-14B00683DA44}.Release|Any CPU.ActiveCfg = Release|Any CPU
		{FDB15C02-0485-48BC-AF2C-14B00683DA44}.Release|Any CPU.Build.0 = Release|Any CPU
	EndGlobalSection
	GlobalSection(SolutionProperties) = preSolution
		HideSolutionNode = FALSE
	EndGlobalSection
	GlobalSection(ExtensibilityGlobals) = postSolution
		SolutionGuid = {D8FDF60C-0C53-48E8-853D-ADD896AA06BB}
	EndGlobalSection
EndGlobal
